Microsoft Visual Studio Solution File, Format Version 12.00
# Visual Studio Version 17
VisualStudioVersion = 17.5.2.0
MinimumVisualStudioVersion = 10.0.40219.1
Project("{2150E333-8FDC-42A3-9474-1A3956D46DE8}") = "Shared", "Shared", "{4F52FD11-658E-A102-6CD3-7D7C16FFA15B}"
EndProject
Project("{2150E333-8FDC-42A3-9474-1A3956D46DE8}") = "src", "src", "{827E0CD3-B72D-47B6-A68D-7590B98EB39B}"
EndProject
Project("{FAE04EC0-301F-11D3-BF4B-00C04F79EFBC}") = "TestClassLibrary", "Shared\TestClassLibrary\TestClassLibrary.csproj", "{E733C4E7-E7B6-A9BC-2240-209712F95EAB}"
EndProject
Project("{FAE04EC0-301F-11D3-BF4B-00C04F79EFBC}") = "Gateway", "src\Gateway\Gateway.csproj", "{318D2742-157B-1B92-9F01-01C7F80B2F48}"
EndProject
Project("{2150E333-8FDC-42A3-9474-1A3956D46DE8}") = "Services", "Services", "{984BB9B3-3FA3-BE33-9484-CAC21695A33C}"
EndProject
Project("{FAE04EC0-301F-11D3-BF4B-00C04F79EFBC}") = "Cart.API", "src\Services\Cart.API\Cart.API.csproj", "{27631934-E504-7AE1-31C0-D3C88543393B}"
EndProject
Project("{FAE04EC0-301F-11D3-BF4B-00C04F79EFBC}") = "Catalog.API", "src\Services\Catalog.API\Catalog.API.csproj", "{31AC1398-DD10-7226-C394-177B5095832C}"
EndProject
Project("{FAE04EC0-301F-11D3-BF4B-00C04F79EFBC}") = "Checkout.API", "src\Services\Checkout.API\Checkout.API.csproj", "{1EB9AE53-2174-B71F-452B-C62960C77F7B}"
EndProject
Project("{FAE04EC0-301F-11D3-BF4B-00C04F79EFBC}") = "Identity.API", "src\Services\Identity.API\Identity.API.csproj", "{E30983E1-A0DC-2944-364F-46A860D6ADA4}"
EndProject
Project("{FAE04EC0-301F-11D3-BF4B-00C04F79EFBC}") = "Inventory.API", "src\Services\Inventory.API\Inventory.API.csproj", "{9F3EAB74-5AEE-1DD9-D3E2-67418BA064A5}"
EndProject
Project("{FAE04EC0-301F-11D3-BF4B-00C04F79EFBC}") = "Order.API", "src\Services\Order.API\Order.API.csproj", "{7FBF4311-195E-C960-9814-675BFA016263}"
EndProject
Project("{2150E333-8FDC-42A3-9474-1A3956D46DE8}") = "Shared", "Shared", "{C8E42992-5E42-0C2B-DBFE-AA848D06431C}"
EndProject
Project("{FAE04EC0-301F-11D3-BF4B-00C04F79EFBC}") = "ClassLibrary1", "src\Shared\ClassLibrary1\ClassLibrary1.csproj", "{B3687DD1-C679-72B5-A98C-A94BD5E374B7}"
EndProject
Project("{FAE04EC0-301F-11D3-BF4B-00C04F79EFBC}") = "Shared.Contracts", "src\Shared\Contracts\Shared.Contracts.csproj", "{D61286E1-57AE-395D-0DF4-E16159EA4BFA}"
EndProject
Project("{FAE04EC0-301F-11D3-BF4B-00C04F79EFBC}") = "ServiceDefaults", "src\Shared\ServiceDefaults\ServiceDefaults.csproj", "{C591DCC4-6EDA-B272-84F4-82A284804B17}"
EndProject
Global
	GlobalSection(SolutionConfigurationPlatforms) = preSolution
		Debug|Any CPU = Debug|Any CPU
		Release|Any CPU = Release|Any CPU
	EndGlobalSection
	GlobalSection(ProjectConfigurationPlatforms) = postSolution
		{E733C4E7-E7B6-A9BC-2240-209712F95EAB}.Debug|Any CPU.ActiveCfg = Debug|Any CPU
		{E733C4E7-E7B6-A9BC-2240-209712F95EAB}.Debug|Any CPU.Build.0 = Debug|Any CPU
		{E733C4E7-E7B6-A9BC-2240-209712F95EAB}.Release|Any CPU.ActiveCfg = Release|Any CPU
		{E733C4E7-E7B6-A9BC-2240-209712F95EAB}.Release|Any CPU.Build.0 = Release|Any CPU
		{318D2742-157B-1B92-9F01-01C7F80B2F48}.Debug|Any CPU.ActiveCfg = Debug|Any CPU
		{318D2742-157B-1B92-9F01-01C7F80B2F48}.Debug|Any CPU.Build.0 = Debug|Any CPU
		{318D2742-157B-1B92-9F01-01C7F80B2F48}.Release|Any CPU.ActiveCfg = Release|Any CPU
		{318D2742-157B-1B92-9F01-01C7F80B2F48}.Release|Any CPU.Build.0 = Release|Any CPU
		{27631934-E504-7AE1-31C0-D3C88543393B}.Debug|Any CPU.ActiveCfg = Debug|Any CPU
		{27631934-E504-7AE1-31C0-D3C88543393B}.Debug|Any CPU.Build.0 = Debug|Any CPU
		{27631934-E504-7AE1-31C0-D3C88543393B}.Release|Any CPU.ActiveCfg = Release|Any CPU
		{27631934-E504-7AE1-31C0-D3C88543393B}.Release|Any CPU.Build.0 = Release|Any CPU
		{31AC1398-DD10-7226-C394-177B5095832C}.Debug|Any CPU.ActiveCfg = Debug|Any CPU
		{31AC1398-DD10-7226-C394-177B5095832C}.Debug|Any CPU.Build.0 = Debug|Any CPU
		{31AC1398-DD10-7226-C394-177B5095832C}.Release|Any CPU.ActiveCfg = Release|Any CPU
		{31AC1398-DD10-7226-C394-177B5095832C}.Release|Any CPU.Build.0 = Release|Any CPU
		{1EB9AE53-2174-B71F-452B-C62960C77F7B}.Debug|Any CPU.ActiveCfg = Debug|Any CPU
		{1EB9AE53-2174-B71F-452B-C62960C77F7B}.Debug|Any CPU.Build.0 = Debug|Any CPU
		{1EB9AE53-2174-B71F-452B-C62960C77F7B}.Release|Any CPU.ActiveCfg = Release|Any CPU
		{1EB9AE53-2174-B71F-452B-C62960C77F7B}.Release|Any CPU.Build.0 = Release|Any CPU
		{E30983E1-A0DC-2944-364F-46A860D6ADA4}.Debug|Any CPU.ActiveCfg = Debug|Any CPU
		{E30983E1-A0DC-2944-364F-46A860D6ADA4}.Debug|Any CPU.Build.0 = Debug|Any CPU
		{E30983E1-A0DC-2944-364F-46A860D6ADA4}.Release|Any CPU.ActiveCfg = Release|Any CPU
		{E30983E1-A0DC-2944-364F-46A860D6ADA4}.Release|Any CPU.Build.0 = Release|Any CPU
		{9F3EAB74-5AEE-1DD9-D3E2-67418BA064A5}.Debug|Any CPU.ActiveCfg = Debug|Any CPU
		{9F3EAB74-5AEE-1DD9-D3E2-67418BA064A5}.Debug|Any CPU.Build.0 = Debug|Any CPU
		{9F3EAB74-5AEE-1DD9-D3E2-67418BA064A5}.Release|Any CPU.ActiveCfg = Release|Any CPU
		{9F3EAB74-5AEE-1DD9-D3E2-67418BA064A5}.Release|Any CPU.Build.0 = Release|Any CPU
		{7FBF4311-195E-C960-9814-675BFA016263}.Debug|Any CPU.ActiveCfg = Debug|Any CPU
		{7FBF4311-195E-C960-9814-675BFA016263}.Debug|Any CPU.Build.0 = Debug|Any CPU
		{7FBF4311-195E-C960-9814-675BFA016263}.Release|Any CPU.ActiveCfg = Release|Any CPU
		{7FBF4311-195E-C960-9814-675BFA016263}.Release|Any CPU.Build.0 = Release|Any CPU
		{B3687DD1-C679-72B5-A98C-A94BD5E374B7}.Debug|Any CPU.ActiveCfg = Debug|Any CPU
		{B3687DD1-C679-72B5-A98C-A94BD5E374B7}.Debug|Any CPU.Build.0 = Debug|Any CPU
		{B3687DD1-C679-72B5-A98C-A94BD5E374B7}.Release|Any CPU.ActiveCfg = Release|Any CPU
		{B3687DD1-C679-72B5-A98C-A94BD5E374B7}.Release|Any CPU.Build.0 = Release|Any CPU
		{D61286E1-57AE-395D-0DF4-E16159EA4BFA}.Debug|Any CPU.ActiveCfg = Debug|Any CPU
		{D61286E1-57AE-395D-0DF4-E16159EA4BFA}.Debug|Any CPU.Build.0 = Debug|Any CPU
		{D61286E1-57AE-395D-0DF4-E16159EA4BFA}.Release|Any CPU.ActiveCfg = Release|Any CPU
		{D61286E1-57AE-395D-0DF4-E16159EA4BFA}.Release|Any CPU.Build.0 = Release|Any CPU
		{C591DCC4-6EDA-B272-84F4-82A284804B17}.Debug|Any CPU.ActiveCfg = Debug|Any CPU
		{C591DCC4-6EDA-B272-84F4-82A284804B17}.Debug|Any CPU.Build.0 = Debug|Any CPU
		{C591DCC4-6EDA-B272-84F4-82A284804B17}.Release|Any CPU.ActiveCfg = Release|Any CPU
		{C591DCC4-6EDA-B272-84F4-82A284804B17}.Release|Any CPU.Build.0 = Release|Any CPU
	EndGlobalSection
	GlobalSection(SolutionProperties) = preSolution
		HideSolutionNode = FALSE
	EndGlobalSection
	GlobalSection(NestedProjects) = preSolution
		{E733C4E7-E7B6-A9BC-2240-209712F95EAB} = {4F52FD11-658E-A102-6CD3-7D7C16FFA15B}
		{318D2742-157B-1B92-9F01-01C7F80B2F48} = {827E0CD3-B72D-47B6-A68D-7590B98EB39B}
		{984BB9B3-3FA3-BE33-9484-CAC21695A33C} = {827E0CD3-B72D-47B6-A68D-7590B98EB39B}
		{27631934-E504-7AE1-31C0-D3C88543393B} = {984BB9B3-3FA3-BE33-9484-CAC21695A33C}
		{31AC1398-DD10-7226-C394-177B5095832C} = {984BB9B3-3FA3-BE33-9484-CAC21695A33C}
		{1EB9AE53-2174-B71F-452B-C62960C77F7B} = {984BB9B3-3FA3-BE33-9484-CAC21695A33C}
		{E30983E1-A0DC-2944-364F-46A860D6ADA4} = {984BB9B3-3FA3-BE33-9484-CAC21695A33C}
		{9F3EAB74-5AEE-1DD9-D3E2-67418BA064A5} = {984BB9B3-3FA3-BE33-9484-CAC21695A33C}
		{7FBF4311-195E-C960-9814-675BFA016263} = {984BB9B3-3FA3-BE33-9484-CAC21695A33C}
		{C8E42992-5E42-0C2B-DBFE-AA848D06431C} = {827E0CD3-B72D-47B6-A68D-7590B98EB39B}
		{B3687DD1-C679-72B5-A98C-A94BD5E374B7} = {C8E42992-5E42-0C2B-DBFE-AA848D06431C}
		{D61286E1-57AE-395D-0DF4-E16159EA4BFA} = {C8E42992-5E42-0C2B-DBFE-AA848D06431C}
		{C591DCC4-6EDA-B272-84F4-82A284804B17} = {C8E42992-5E42-0C2B-DBFE-AA848D06431C}
	EndGlobalSection
	GlobalSection(ExtensibilityGlobals) = postSolution
		SolutionGuid = {A3AD5FDE-B812-4666-8385-104F22E1235F}
	EndGlobalSection
EndGlobal
